
Microsoft Visual Studio Solution File, Format Version 12.00
Project("{FAE04EC0-301F-11D3-BF4B-00C04F79EFBC}") = "TechStore.API", "TechStore.API\TechStore.API.csproj", "{A7915061-991E-4C41-BEE7-964880ECE32C}"
EndProject
Project("{FAE04EC0-301F-11D3-BF4B-00C04F79EFBC}") = "TechStore.Infrastructure", "TechStore.Infrastructure\TechStore.Infrastructure.csproj", "{F37BB6DA-6C3A-41F6-BD2C-2891019499B0}"
EndProject
Project("{FAE04EC0-301F-11D3-BF4B-00C04F79EFBC}") = "TechStore.Application", "TechStore.Application\TechStore.Application.csproj", "{6C00E205-4FA0-4F28-B4B5-68107BB09A44}"
EndProject
Global
	GlobalSection(SolutionConfigurationPlatforms) = preSolution
		Debug|Any CPU = Debug|Any CPU
		Release|Any CPU = Release|Any CPU
	EndGlobalSection
	GlobalSection(ProjectConfigurationPlatforms) = postSolution
		{A7915061-991E-4C41-BEE7-964880ECE32C}.Debug|Any CPU.ActiveCfg = Debug|Any CPU
		{A7915061-991E-4C41-BEE7-964880ECE32C}.Debug|Any CPU.Build.0 = Debug|Any CPU
		{A7915061-991E-4C41-BEE7-964880ECE32C}.Release|Any CPU.ActiveCfg = Release|Any CPU
		{A7915061-991E-4C41-BEE7-964880ECE32C}.Release|Any CPU.Build.0 = Release|Any CPU
		{F37BB6DA-6C3A-41F6-BD2C-2891019499B0}.Debug|Any CPU.ActiveCfg = Debug|Any CPU
		{F37BB6DA-6C3A-41F6-BD2C-2891019499B0}.Debug|Any CPU.Build.0 = Debug|Any CPU
		{F37BB6DA-6C3A-41F6-BD2C-2891019499B0}.Release|Any CPU.ActiveCfg = Release|Any CPU
		{F37BB6DA-6C3A-41F6-BD2C-2891019499B0}.Release|Any CPU.Build.0 = Release|Any CPU
		{6C00E205-4FA0-4F28-B4B5-68107BB09A44}.Debug|Any CPU.ActiveCfg = Debug|Any CPU
		{6C00E205-4FA0-4F28-B4B5-68107BB09A44}.Debug|Any CPU.Build.0 = Debug|Any CPU
		{6C00E205-4FA0-4F28-B4B5-68107BB09A44}.Release|Any CPU.ActiveCfg = Release|Any CPU
		{6C00E205-4FA0-4F28-B4B5-68107BB09A44}.Release|Any CPU.Build.0 = Release|Any CPU
	EndGlobalSection
EndGlobal
